
Microsoft Visual Studio Solution File, Format Version 12.00
# Visual Studio Express 15 for Windows Desktop
VisualStudioVersion = 15.0.28307.136
MinimumVisualStudioVersion = 10.0.40219.1
Project("{FAE04EC0-301F-11D3-BF4B-00C04F79EFBC}") = "Hello", "Hello\Hello.csproj", "{2FD1DFEA-D601-4DB2-B4FC-7308EE8A5057}"
EndProject
Global
	GlobalSection(SolutionConfigurationPlatforms) = preSolution
		Debug|Any CPU = Debug|Any CPU
		Release|Any CPU = Release|Any CPU
	EndGlobalSection
	GlobalSection(ProjectConfigurationPlatforms) = postSolution
		{2FD1DFEA-D601-4DB2-B4FC-7308EE8A5057}.Debug|Any CPU.ActiveCfg = Debug|Any CPU
		{2FD1DFEA-D601-4DB2-B4FC-7308EE8A5057}.Debug|Any CPU.Build.0 = Debug|Any CPU
		{2FD1DFEA-D601-4DB2-B4FC-7308EE8A5057}.Release|Any CPU.ActiveCfg = Release|Any CPU
		{2FD1DFEA-D601-4DB2-B4FC-7308EE8A5057}.Release|Any CPU.Build.0 = Release|Any CPU
	EndGlobalSection
	GlobalSection(SolutionProperties) = preSolution
		HideSolutionNode = FALSE
	EndGlobalSection
	GlobalSection(ExtensibilityGlobals) = postSolution
		SolutionGuid = {A22F3CA9-76EA-4FA9-BB4D-8EC15662A9DE}
	EndGlobalSection
EndGlobal
